
Microsoft Visual Studio Solution File, Format Version 12.00
# Visual Studio 15
Project("{FAE04EC0-301F-11D3-BF4B-00C04F79EFBC}") = "vacation-accrual-buddy", "vacation-accrual-buddy.csproj", "{A147B808-64C2-460C-B5DE-E986726F7DD1}"
EndProject
Global
	GlobalSection(SolutionConfigurationPlatforms) = preSolution
		Debug|Any CPU = Debug|Any CPU
		Release|Any CPU = Release|Any CPU
	EndGlobalSection
	GlobalSection(ProjectConfigurationPlatforms) = postSolution
		{A147B808-64C2-460C-B5DE-E986726F7DD1}.Debug|Any CPU.ActiveCfg = Debug|Any CPU
		{A147B808-64C2-460C-B5DE-E986726F7DD1}.Debug|Any CPU.Build.0 = Debug|Any CPU
		{A147B808-64C2-460C-B5DE-E986726F7DD1}.Release|Any CPU.ActiveCfg = Release|Any CPU
		{A147B808-64C2-460C-B5DE-E986726F7DD1}.Release|Any CPU.Build.0 = Release|Any CPU
	EndGlobalSection
EndGlobal
